
Microsoft Visual Studio Solution File, Format Version 12.00
# Visual Studio Version 17
VisualStudioVersion = 17.7.34009.444
MinimumVisualStudioVersion = 10.0.40219.1
Project("{FAE04EC0-301F-11D3-BF4B-00C04F79EFBC}") = "KafkaProducer", "KafkaProducer\KafkaProducer.csproj", "{C349698F-0B13-4B47-B84B-7606CC396192}"
EndProject
Project("{FAE04EC0-301F-11D3-BF4B-00C04F79EFBC}") = "KafkaConsumer", "KafkaConsumer\KafkaConsumer.csproj", "{A486799A-1207-4FFE-B209-D92C71339A83}"
EndProject
Global
	GlobalSection(SolutionConfigurationPlatforms) = preSolution
		Debug|Any CPU = Debug|Any CPU
		Release|Any CPU = Release|Any CPU
	EndGlobalSection
	GlobalSection(ProjectConfigurationPlatforms) = postSolution
		{C349698F-0B13-4B47-B84B-7606CC396192}.Debug|Any CPU.ActiveCfg = Debug|Any CPU
		{C349698F-0B13-4B47-B84B-7606CC396192}.Debug|Any CPU.Build.0 = Debug|Any CPU
		{C349698F-0B13-4B47-B84B-7606CC396192}.Release|Any CPU.ActiveCfg = Release|Any CPU
		{C349698F-0B13-4B47-B84B-7606CC396192}.Release|Any CPU.Build.0 = Release|Any CPU
		{A486799A-1207-4FFE-B209-D92C71339A83}.Debug|Any CPU.ActiveCfg = Debug|Any CPU
		{A486799A-1207-4FFE-B209-D92C71339A83}.Debug|Any CPU.Build.0 = Debug|Any CPU
		{A486799A-1207-4FFE-B209-D92C71339A83}.Release|Any CPU.ActiveCfg = Release|Any CPU
		{A486799A-1207-4FFE-B209-D92C71339A83}.Release|Any CPU.Build.0 = Release|Any CPU
	EndGlobalSection
	GlobalSection(SolutionProperties) = preSolution
		HideSolutionNode = FALSE
	EndGlobalSection
	GlobalSection(ExtensibilityGlobals) = postSolution
		SolutionGuid = {45573D80-F2C7-442F-90DD-A02C093EF3AE}
	EndGlobalSection
EndGlobal
